// !$*UTF8*$!
{
	archiveVersion = 1;
	classes = {
	};
	objectVersion = 56;
	objects = {

/* Begin PBXBuildFile section */
		5806E62829BD6B2F0066B3DF /* AppDelegate.swift in Sources */ = {isa = PBXBuildFile; fileRef = 5806E62729BD6B2F0066B3DF /* AppDelegate.swift */; };
		5806E62C29BD6B2F0066B3DF /* ViewController.swift in Sources */ = {isa = PBXBuildFile; fileRef = 5806E62B29BD6B2F0066B3DF /* ViewController.swift */; };
		5806E62F29BD6B2F0066B3DF /* Main.storyboard in Resources */ = {isa = PBXBuildFile; fileRef = 5806E62D29BD6B2F0066B3DF /* Main.storyboard */; };
		5806E63129BD6B300066B3DF /* Assets.xcassets in Resources */ = {isa = PBXBuildFile; fileRef = 5806E63029BD6B300066B3DF /* Assets.xcassets */; };
		5806E63429BD6B300066B3DF /* LaunchScreen.storyboard in Resources */ = {isa = PBXBuildFile; fileRef = 5806E63229BD6B300066B3DF /* LaunchScreen.storyboard */; };
		5806E63F29BD6B300066B3DF /* ExampleTests.swift in Sources */ = {isa = PBXBuildFile; fileRef = 5806E63E29BD6B300066B3DF /* ExampleTests.swift */; };
		5806E64929BD6B300066B3DF /* ExampleUITests.swift in Sources */ = {isa = PBXBuildFile; fileRef = 5806E64829BD6B300066B3DF /* ExampleUITests.swift */; };
		5806E64B29BD6B300066B3DF /* ExampleUITestsLaunchTests.swift in Sources */ = {isa = PBXBuildFile; fileRef = 5806E64A29BD6B300066B3DF /* ExampleUITestsLaunchTests.swift */; };
		5806E65929BD6BAA0066B3DF /* Motion in Frameworks */ = {isa = PBXBuildFile; productRef = 5806E65829BD6BAA0066B3DF /* Motion */; };
/* End PBXBuildFile section */

/* Begin PBXContainerItemProxy section */
		5806E63B29BD6B300066B3DF /* PBXContainerItemProxy */ = {
			isa = PBXContainerItemProxy;
			containerPortal = 5806E61C29BD6B2F0066B3DF /* Project object */;
			proxyType = 1;
			remoteGlobalIDString = 5806E62329BD6B2F0066B3DF;
			remoteInfo = Example;
		};
		5806E64529BD6B300066B3DF /* PBXContainerItemProxy */ = {
			isa = PBXContainerItemProxy;
			containerPortal = 5806E61C29BD6B2F0066B3DF /* Project object */;
			proxyType = 1;
			remoteGlobalIDString = 5806E62329BD6B2F0066B3DF;
			remoteInfo = Example;
		};
/* End PBXContainerItemProxy section */

/* Begin PBXFileReference section */
		5806E62429BD6B2F0066B3DF /* Example.app */ = {isa = PBXFileReference; explicitFileType = wrapper.application; includeInIndex = 0; path = Example.app; sourceTree = BUILT_PRODUCTS_DIR; };
		5806E62729BD6B2F0066B3DF /* AppDelegate.swift */ = {isa = PBXFileReference; lastKnownFileType = sourcecode.swift; path = AppDelegate.swift; sourceTree = "<group>"; };
		5806E62B29BD6B2F0066B3DF /* ViewController.swift */ = {isa = PBXFileReference; lastKnownFileType = sourcecode.swift; path = ViewController.swift; sourceTree = "<group>"; };
		5806E62E29BD6B2F0066B3DF /* Base */ = {isa = PBXFileReference; lastKnownFileType = file.storyboard; name = Base; path = Base.lproj/Main.storyboard; sourceTree = "<group>"; };
		5806E63029BD6B300066B3DF /* Assets.xcassets */ = {isa = PBXFileReference; lastKnownFileType = folder.assetcatalog; path = Assets.xcassets; sourceTree = "<group>"; };
		5806E63329BD6B300066B3DF /* Base */ = {isa = PBXFileReference; lastKnownFileType = file.storyboard; name = Base; path = Base.lproj/LaunchScreen.storyboard; sourceTree = "<group>"; };
		5806E63529BD6B300066B3DF /* Info.plist */ = {isa = PBXFileReference; lastKnownFileType = text.plist.xml; path = Info.plist; sourceTree = "<group>"; };
		5806E63A29BD6B300066B3DF /* ExampleTests.xctest */ = {isa = PBXFileReference; explicitFileType = wrapper.cfbundle; includeInIndex = 0; path = ExampleTests.xctest; sourceTree = BUILT_PRODUCTS_DIR; };
		5806E63E29BD6B300066B3DF /* ExampleTests.swift */ = {isa = PBXFileReference; lastKnownFileType = sourcecode.swift; path = ExampleTests.swift; sourceTree = "<group>"; };
		5806E64429BD6B300066B3DF /* ExampleUITests.xctest */ = {isa = PBXFileReference; explicitFileType = wrapper.cfbundle; includeInIndex = 0; path = ExampleUITests.xctest; sourceTree = BUILT_PRODUCTS_DIR; };
		5806E64829BD6B300066B3DF /* ExampleUITests.swift */ = {isa = PBXFileReference; lastKnownFileType = sourcecode.swift; path = ExampleUITests.swift; sourceTree = "<group>"; };
		5806E64A29BD6B300066B3DF /* ExampleUITestsLaunchTests.swift */ = {isa = PBXFileReference; lastKnownFileType = sourcecode.swift; path = ExampleUITestsLaunchTests.swift; sourceTree = "<group>"; };
/* End PBXFileReference section */

/* Begin PBXFrameworksBuildPhase section */
		5806E62129BD6B2F0066B3DF /* Frameworks */ = {
			isa = PBXFrameworksBuildPhase;
			buildActionMask = 2147483647;
			files = (
				5806E65929BD6BAA0066B3DF /* Motion in Frameworks */,
			);
			runOnlyForDeploymentPostprocessing = 0;
		};
		5806E63729BD6B300066B3DF /* Frameworks */ = {
			isa = PBXFrameworksBuildPhase;
			buildActionMask = 2147483647;
			files = (
			);
			runOnlyForDeploymentPostprocessing = 0;
		};
		5806E64129BD6B300066B3DF /* Frameworks */ = {
			isa = PBXFrameworksBuildPhase;
			buildActionMask = 2147483647;
			files = (
			);
			runOnlyForDeploymentPostprocessing = 0;
		};
/* End PBXFrameworksBuildPhase section */

/* Begin PBXGroup section */
		5806E61B29BD6B2F0066B3DF = {
			isa = PBXGroup;
			children = (
				5806E62629BD6B2F0066B3DF /* Example */,
				5806E63D29BD6B300066B3DF /* ExampleTests */,
				5806E64729BD6B300066B3DF /* ExampleUITests */,
				5806E62529BD6B2F0066B3DF /* Products */,
			);
			sourceTree = "<group>";
		};
		5806E62529BD6B2F0066B3DF /* Products */ = {
			isa = PBXGroup;
			children = (
				5806E62429BD6B2F0066B3DF /* Example.app */,
				5806E63A29BD6B300066B3DF /* ExampleTests.xctest */,
				5806E64429BD6B300066B3DF /* ExampleUITests.xctest */,
			);
			name = Products;
			sourceTree = "<group>";
		};
		5806E62629BD6B2F0066B3DF /* Example */ = {
			isa = PBXGroup;
			children = (
				5806E62729BD6B2F0066B3DF /* AppDelegate.swift */,
				5806E62B29BD6B2F0066B3DF /* ViewController.swift */,
				5806E62D29BD6B2F0066B3DF /* Main.storyboard */,
				5806E63029BD6B300066B3DF /* Assets.xcassets */,
				5806E63229BD6B300066B3DF /* LaunchScreen.storyboard */,
				5806E63529BD6B300066B3DF /* Info.plist */,
			);
			path = Example;
			sourceTree = "<group>";
		};
		5806E63D29BD6B300066B3DF /* ExampleTests */ = {
			isa = PBXGroup;
			children = (
				5806E63E29BD6B300066B3DF /* ExampleTests.swift */,
			);
			path = ExampleTests;
			sourceTree = "<group>";
		};
		5806E64729BD6B300066B3DF /* ExampleUITests */ = {
			isa = PBXGroup;
			children = (
				5806E64829BD6B300066B3DF /* ExampleUITests.swift */,
				5806E64A29BD6B300066B3DF /* ExampleUITestsLaunchTests.swift */,
			);
			path = ExampleUITests;
			sourceTree = "<group>";
		};
/* End PBXGroup section */

/* Begin PBXNativeTarget section */
		5806E62329BD6B2F0066B3DF /* Example */ = {
			isa = PBXNativeTarget;
			buildConfigurationList = 5806E64E29BD6B300066B3DF /* Build configuration list for PBXNativeTarget "Example" */;
			buildPhases = (
				5806E62029BD6B2F0066B3DF /* Sources */,
				5806E62129BD6B2F0066B3DF /* Frameworks */,
				5806E62229BD6B2F0066B3DF /* Resources */,
			);
			buildRules = (
			);
			dependencies = (
			);
			name = Example;
			packageProductDependencies = (
				5806E65829BD6BAA0066B3DF /* Motion */,
			);
			productName = Example;
			productReference = 5806E62429BD6B2F0066B3DF /* Example.app */;
			productType = "com.apple.product-type.application";
		};
		5806E63929BD6B300066B3DF /* ExampleTests */ = {
			isa = PBXNativeTarget;
			buildConfigurationList = 5806E65129BD6B300066B3DF /* Build configuration list for PBXNativeTarget "ExampleTests" */;
			buildPhases = (
				5806E63629BD6B300066B3DF /* Sources */,
				5806E63729BD6B300066B3DF /* Frameworks */,
				5806E63829BD6B300066B3DF /* Resources */,
			);
			buildRules = (
			);
			dependencies = (
				5806E63C29BD6B300066B3DF /* PBXTargetDependency */,
			);
			name = ExampleTests;
			productName = ExampleTests;
			productReference = 5806E63A29BD6B300066B3DF /* ExampleTests.xctest */;
			productType = "com.apple.product-type.bundle.unit-test";
		};
		5806E64329BD6B300066B3DF /* ExampleUITests */ = {
			isa = PBXNativeTarget;
			buildConfigurationList = 5806E65429BD6B300066B3DF /* Build configuration list for PBXNativeTarget "ExampleUITests" */;
			buildPhases = (
				5806E64029BD6B300066B3DF /* Sources */,
				5806E64129BD6B300066B3DF /* Frameworks */,
				5806E64229BD6B300066B3DF /* Resources */,
			);
			buildRules = (
			);
			dependencies = (
				5806E64629BD6B300066B3DF /* PBXTargetDependency */,
			);
			name = ExampleUITests;
			productName = ExampleUITests;
			productReference = 5806E64429BD6B300066B3DF /* ExampleUITests.xctest */;
			productType = "com.apple.product-type.bundle.ui-testing";
		};
/* End PBXNativeTarget section */

/* Begin PBXProject section */
		5806E61C29BD6B2F0066B3DF /* Project object */ = {
			isa = PBXProject;
			attributes = {
				BuildIndependentTargetsInParallel = 1;
				LastSwiftUpdateCheck = 1420;
				LastUpgradeCheck = 1420;
				TargetAttributes = {
					5806E62329BD6B2F0066B3DF = {
						CreatedOnToolsVersion = 14.2;
					};
					5806E63929BD6B300066B3DF = {
						CreatedOnToolsVersion = 14.2;
						TestTargetID = 5806E62329BD6B2F0066B3DF;
					};
					5806E64329BD6B300066B3DF = {
						CreatedOnToolsVersion = 14.2;
						TestTargetID = 5806E62329BD6B2F0066B3DF;
					};
				};
			};
			buildConfigurationList = 5806E61F29BD6B2F0066B3DF /* Build configuration list for PBXProject "Example" */;
			compatibilityVersion = "Xcode 14.0";
			developmentRegion = en;
			hasScannedForEncodings = 0;
			knownRegions = (
				en,
				Base,
			);
			mainGroup = 5806E61B29BD6B2F0066B3DF;
			packageReferences = (
				5806E65729BD6BA90066B3DF /* XCRemoteSwiftPackageReference "Motion" */,
			);
			productRefGroup = 5806E62529BD6B2F0066B3DF /* Products */;
			projectDirPath = "";
			projectRoot = "";
			targets = (
				5806E62329BD6B2F0066B3DF /* Example */,
				5806E63929BD6B300066B3DF /* ExampleTests */,
				5806E64329BD6B300066B3DF /* ExampleUITests */,
			);
		};
/* End PBXProject section */

/* Begin PBXResourcesBuildPhase section */
		5806E62229BD6B2F0066B3DF /* Resources */ = {
			isa = PBXResourcesBuildPhase;
			buildActionMask = 2147483647;
			files = (
				5806E63429BD6B300066B3DF /* LaunchScreen.storyboard in Resources */,
				5806E63129BD6B300066B3DF /* Assets.xcassets in Resources */,
				5806E62F29BD6B2F0066B3DF /* Main.storyboard in Resources */,
			);
			runOnlyForDeploymentPostprocessing = 0;
		};
		5806E63829BD6B300066B3DF /* Resources */ = {
			isa = PBXResourcesBuildPhase;
			buildActionMask = 2147483647;
			files = (
			);
			runOnlyForDeploymentPostprocessing = 0;
		};
		5806E64229BD6B300066B3DF /* Resources */ = {
			isa = PBXResourcesBuildPhase;
			buildActionMask = 2147483647;
			files = (
			);
			runOnlyForDeploymentPostprocessing = 0;
		};
/* End PBXResourcesBuildPhase section */

/* Begin PBXSourcesBuildPhase section */
		5806E62029BD6B2F0066B3DF /* Sources */ = {
			isa = PBXSourcesBuildPhase;
			buildActionMask = 2147483647;
			files = (
				5806E62C29BD6B2F0066B3DF /* ViewController.swift in Sources */,
				5806E62829BD6B2F0066B3DF /* AppDelegate.swift in Sources */,
			);
			runOnlyForDeploymentPostprocessing = 0;
		};
		5806E63629BD6B300066B3DF /* Sources */ = {
			isa = PBXSourcesBuildPhase;
			buildActionMask = 2147483647;
			files = (
				5806E63F29BD6B300066B3DF /* ExampleTests.swift in Sources */,
			);
			runOnlyForDeploymentPostprocessing = 0;
		};
		5806E64029BD6B300066B3DF /* Sources */ = {
			isa = PBXSourcesBuildPhase;
			buildActionMask = 2147483647;
			files = (
				5806E64929BD6B300066B3DF /* ExampleUITests.swift in Sources */,
				5806E64B29BD6B300066B3DF /* ExampleUITestsLaunchTests.swift in Sources */,
			);
			runOnlyForDeploymentPostprocessing = 0;
		};
/* End PBXSourcesBuildPhase section */

/* Begin PBXTargetDependency section */
		5806E63C29BD6B300066B3DF /* PBXTargetDependency */ = {
			isa = PBXTargetDependency;
			target = 5806E62329BD6B2F0066B3DF /* Example */;
			targetProxy = 5806E63B29BD6B300066B3DF /* PBXContainerItemProxy */;
		};
		5806E64629BD6B300066B3DF /* PBXTargetDependency */ = {
			isa = PBXTargetDependency;
			target = 5806E62329BD6B2F0066B3DF /* Example */;
			targetProxy = 5806E64529BD6B300066B3DF /* PBXContainerItemProxy */;
		};
/* End PBXTargetDependency section */

/* Begin PBXVariantGroup section */
		5806E62D29BD6B2F0066B3DF /* Main.storyboard */ = {
			isa = PBXVariantGroup;
			children = (
				5806E62E29BD6B2F0066B3DF /* Base */,
			);
			name = Main.storyboard;
			sourceTree = "<group>";
		};
		5806E63229BD6B300066B3DF /* LaunchScreen.storyboard */ = {
			isa = PBXVariantGroup;
			children = (
				5806E63329BD6B300066B3DF /* Base */,
			);
			name = LaunchScreen.storyboard;
			sourceTree = "<group>";
		};
/* End PBXVariantGroup section */

/* Begin XCBuildConfiguration section */
		5806E64C29BD6B300066B3DF /* Debug */ = {
			isa = XCBuildConfiguration;
			buildSettings = {
				ALWAYS_SEARCH_USER_PATHS = NO;
				CLANG_ANALYZER_NONNULL = YES;
				CLANG_ANALYZER_NUMBER_OBJECT_CONVERSION = YES_AGGRESSIVE;
				CLANG_CXX_LANGUAGE_STANDARD = "gnu++20";
				CLANG_ENABLE_MODULES = YES;
				CLANG_ENABLE_OBJC_ARC = YES;
				CLANG_ENABLE_OBJC_WEAK = YES;
				CLANG_WARN_BLOCK_CAPTURE_AUTORELEASING = YES;
				CLANG_WARN_BOOL_CONVERSION = YES;
				CLANG_WARN_COMMA = YES;
				CLANG_WARN_CONSTANT_CONVERSION = YES;
				CLANG_WARN_DEPRECATED_OBJC_IMPLEMENTATIONS = YES;
				CLANG_WARN_DIRECT_OBJC_ISA_USAGE = YES_ERROR;
				CLANG_WARN_DOCUMENTATION_COMMENTS = YES;
				CLANG_WARN_EMPTY_BODY = YES;
				CLANG_WARN_ENUM_CONVERSION = YES;
				CLANG_WARN_INFINITE_RECURSION = YES;
				CLANG_WARN_INT_CONVERSION = YES;
				CLANG_WARN_NON_LITERAL_NULL_CONVERSION = YES;
				CLANG_WARN_OBJC_IMPLICIT_RETAIN_SELF = YES;
				CLANG_WARN_OBJC_LITERAL_CONVERSION = YES;
				CLANG_WARN_OBJC_ROOT_CLASS = YES_ERROR;
				CLANG_WARN_QUOTED_INCLUDE_IN_FRAMEWORK_HEADER = YES;
				CLANG_WARN_RANGE_LOOP_ANALYSIS = YES;
				CLANG_WARN_STRICT_PROTOTYPES = YES;
				CLANG_WARN_SUSPICIOUS_MOVE = YES;
				CLANG_WARN_UNGUARDED_AVAILABILITY = YES_AGGRESSIVE;
				CLANG_WARN_UNREACHABLE_CODE = YES;
				CLANG_WARN__DUPLICATE_METHOD_MATCH = YES;
				COPY_PHASE_STRIP = NO;
				DEBUG_INFORMATION_FORMAT = dwarf;
				ENABLE_STRICT_OBJC_MSGSEND = YES;
				ENABLE_TESTABILITY = YES;
				GCC_C_LANGUAGE_STANDARD = gnu11;
				GCC_DYNAMIC_NO_PIC = NO;
				GCC_NO_COMMON_BLOCKS = YES;
				GCC_OPTIMIZATION_LEVEL = 0;
				GCC_PREPROCESSOR_DEFINITIONS = (
					"DEBUG=1",
					"$(inherited)",
				);
				GCC_WARN_64_TO_32_BIT_CONVERSION = YES;
				GCC_WARN_ABOUT_RETURN_TYPE = YES_ERROR;
				GCC_WARN_UNDECLARED_SELECTOR = YES;
				GCC_WARN_UNINITIALIZED_AUTOS = YES_AGGRESSIVE;
				GCC_WARN_UNUSED_FUNCTION = YES;
				GCC_WARN_UNUSED_VARIABLE = YES;
				IPHONEOS_DEPLOYMENT_TARGET = 16.0;
				MTL_ENABLE_DEBUG_INFO = INCLUDE_SOURCE;
				MTL_FAST_MATH = YES;
				ONLY_ACTIVE_ARCH = YES;
				SDKROOT = iphoneos;
				SWIFT_ACTIVE_COMPILATION_CONDITIONS = DEBUG;
				SWIFT_OPTIMIZATION_LEVEL = "-Onone";
			};
			name = Debug;
		};
		5806E64D29BD6B300066B3DF /* Release */ = {
			isa = XCBuildConfiguration;
			buildSettings = {
				ALWAYS_SEARCH_USER_PATHS = NO;
				CLANG_ANALYZER_NONNULL = YES;
				CLANG_ANALYZER_NUMBER_OBJECT_CONVERSION = YES_AGGRESSIVE;
				CLANG_CXX_LANGUAGE_STANDARD = "gnu++20";
				CLANG_ENABLE_MODULES = YES;
				CLANG_ENABLE_OBJC_ARC = YES;
				CLANG_ENABLE_OBJC_WEAK = YES;
				CLANG_WARN_BLOCK_CAPTURE_AUTORELEASING = YES;
				CLANG_WARN_BOOL_CONVERSION = YES;
				CLANG_WARN_COMMA = YES;
				CLANG_WARN_CONSTANT_CONVERSION = YES;
				CLANG_WARN_DEPRECATED_OBJC_IMPLEMENTATIONS = YES;
				CLANG_WARN_DIRECT_OBJC_ISA_USAGE = YES_ERROR;
				CLANG_WARN_DOCUMENTATION_COMMENTS = YES;
				CLANG_WARN_EMPTY_BODY = YES;
				CLANG_WARN_ENUM_CONVERSION = YES;
				CLANG_WARN_INFINITE_RECURSION = YES;
				CLANG_WARN_INT_CONVERSION = YES;
				CLANG_WARN_NON_LITERAL_NULL_CONVERSION = YES;
				CLANG_WARN_OBJC_IMPLICIT_RETAIN_SELF = YES;
				CLANG_WARN_OBJC_LITERAL_CONVERSION = YES;
				CLANG_WARN_OBJC_ROOT_CLASS = YES_ERROR;
				CLANG_WARN_QUOTED_INCLUDE_IN_FRAMEWORK_HEADER = YES;
				CLANG_WARN_RANGE_LOOP_ANALYSIS = YES;
				CLANG_WARN_STRICT_PROTOTYPES = YES;
				CLANG_WARN_SUSPICIOUS_MOVE = YES;
				CLANG_WARN_UNGUARDED_AVAILABILITY = YES_AGGRESSIVE;
				CLANG_WARN_UNREACHABLE_CODE = YES;
				CLANG_WARN__DUPLICATE_METHOD_MATCH = YES;
				COPY_PHASE_STRIP = NO;
				DEBUG_INFORMATION_FORMAT = "dwarf-with-dsym";
				ENABLE_NS_ASSERTIONS = NO;
				ENABLE_STRICT_OBJC_MSGSEND = YES;
				GCC_C_LANGUAGE_STANDARD = gnu11;
				GCC_NO_COMMON_BLOCKS = YES;
				GCC_WARN_64_TO_32_BIT_CONVERSION = YES;
				GCC_WARN_ABOUT_RETURN_TYPE = YES_ERROR;
				GCC_WARN_UNDECLARED_SELECTOR = YES;
				GCC_WARN_UNINITIALIZED_AUTOS = YES_AGGRESSIVE;
				GCC_WARN_UNUSED_FUNCTION = YES;
				GCC_WARN_UNUSED_VARIABLE = YES;
				IPHONEOS_DEPLOYMENT_TARGET = 16.0;
				MTL_ENABLE_DEBUG_INFO = NO;
				MTL_FAST_MATH = YES;
				SDKROOT = iphoneos;
				SWIFT_COMPILATION_MODE = wholemodule;
				SWIFT_OPTIMIZATION_LEVEL = "-O";
				VALIDATE_PRODUCT = YES;
			};
			name = Release;
		};
		5806E64F29BD6B300066B3DF /* Debug */ = {
			isa = XCBuildConfiguration;
			buildSettings = {
				ASSETCATALOG_COMPILER_APPICON_NAME = AppIcon;
				ASSETCATALOG_COMPILER_GLOBAL_ACCENT_COLOR_NAME = AccentColor;
				CODE_SIGN_STYLE = Automatic;
				CURRENT_PROJECT_VERSION = 1;
				DEVELOPMENT_TEAM = "";
				GENERATE_INFOPLIST_FILE = YES;
				INFOPLIST_FILE = Example/Info.plist;
				INFOPLIST_KEY_UIApplicationSupportsIndirectInputEvents = YES;
				INFOPLIST_KEY_UILaunchStoryboardName = LaunchScreen;
				INFOPLIST_KEY_UIMainStoryboardFile = Main;
				INFOPLIST_KEY_UISupportedInterfaceOrientations_iPad = "UIInterfaceOrientationPortrait UIInterfaceOrientationPortraitUpsideDown UIInterfaceOrientationLandscapeLeft UIInterfaceOrientationLandscapeRight";
				INFOPLIST_KEY_UISupportedInterfaceOrientations_iPhone = "UIInterfaceOrientationPortrait UIInterfaceOrientationLandscapeLeft UIInterfaceOrientationLandscapeRight";
				LD_RUNPATH_SEARCH_PATHS = (
					"$(inherited)",
					"@executable_path/Frameworks",
				);
				MARKETING_VERSION = 1.0;
				PRODUCT_BUNDLE_IDENTIFIER = hu.example.motion.Example.Example;
				PRODUCT_NAME = "$(TARGET_NAME)";
				SWIFT_EMIT_LOC_STRINGS = YES;
				SWIFT_VERSION = 5.0;
				TARGETED_DEVICE_FAMILY = "1,2";
			};
			name = Debug;
		};
		5806E65029BD6B300066B3DF /* Release */ = {
			isa = XCBuildConfiguration;
			buildSettings = {
				ASSETCATALOG_COMPILER_APPICON_NAME = AppIcon;
				ASSETCATALOG_COMPILER_GLOBAL_ACCENT_COLOR_NAME = AccentColor;
				CODE_SIGN_STYLE = Automatic;
				CURRENT_PROJECT_VERSION = 1;
				DEVELOPMENT_TEAM = "";
				GENERATE_INFOPLIST_FILE = YES;
				INFOPLIST_FILE = Example/Info.plist;
				INFOPLIST_KEY_UIApplicationSupportsIndirectInputEvents = YES;
				INFOPLIST_KEY_UILaunchStoryboardName = LaunchScreen;
				INFOPLIST_KEY_UIMainStoryboardFile = Main;
				INFOPLIST_KEY_UISupportedInterfaceOrientations_iPad = "UIInterfaceOrientationPortrait UIInterfaceOrientationPortraitUpsideDown UIInterfaceOrientationLandscapeLeft UIInterfaceOrientationLandscapeRight";
				INFOPLIST_KEY_UISupportedInterfaceOrientations_iPhone = "UIInterfaceOrientationPortrait UIInterfaceOrientationLandscapeLeft UIInterfaceOrientationLandscapeRight";
				LD_RUNPATH_SEARCH_PATHS = (
					"$(inherited)",
					"@executable_path/Frameworks",
				);
				MARKETING_VERSION = 1.0;
				PRODUCT_BUNDLE_IDENTIFIER = hu.example.motion.Example.Example;
				PRODUCT_NAME = "$(TARGET_NAME)";
				SWIFT_EMIT_LOC_STRINGS = YES;
				SWIFT_VERSION = 5.0;
				TARGETED_DEVICE_FAMILY = "1,2";
			};
			name = Release;
		};
		5806E65229BD6B300066B3DF /* Debug */ = {
			isa = XCBuildConfiguration;
			buildSettings = {
				ALWAYS_EMBED_SWIFT_STANDARD_LIBRARIES = YES;
				BUNDLE_LOADER = "$(TEST_HOST)";
				CODE_SIGN_STYLE = Automatic;
				CURRENT_PROJECT_VERSION = 1;
				GENERATE_INFOPLIST_FILE = YES;
				IPHONEOS_DEPLOYMENT_TARGET = 16.0;
				MARKETING_VERSION = 1.0;
				PRODUCT_BUNDLE_IDENTIFIER = hu.example.motion.Example.ExampleTests;
				PRODUCT_NAME = "$(TARGET_NAME)";
				SWIFT_EMIT_LOC_STRINGS = NO;
				SWIFT_VERSION = 5.0;
				TARGETED_DEVICE_FAMILY = "1,2";
				TEST_HOST = "$(BUILT_PRODUCTS_DIR)/Example.app/$(BUNDLE_EXECUTABLE_FOLDER_PATH)/Example";
			};
			name = Debug;
		};
		5806E65329BD6B300066B3DF /* Release */ = {
			isa = XCBuildConfiguration;
			buildSettings = {
				ALWAYS_EMBED_SWIFT_STANDARD_LIBRARIES = YES;
				BUNDLE_LOADER = "$(TEST_HOST)";
				CODE_SIGN_STYLE = Automatic;
				CURRENT_PROJECT_VERSION = 1;
				GENERATE_INFOPLIST_FILE = YES;
				IPHONEOS_DEPLOYMENT_TARGET = 16.0;
				MARKETING_VERSION = 1.0;
				PRODUCT_BUNDLE_IDENTIFIER = hu.example.motion.Example.ExampleTests;
				PRODUCT_NAME = "$(TARGET_NAME)";
				SWIFT_EMIT_LOC_STRINGS = NO;
				SWIFT_VERSION = 5.0;
				TARGETED_DEVICE_FAMILY = "1,2";
				TEST_HOST = "$(BUILT_PRODUCTS_DIR)/Example.app/$(BUNDLE_EXECUTABLE_FOLDER_PATH)/Example";
			};
			name = Release;
		};
		5806E65529BD6B300066B3DF /* Debug */ = {
			isa = XCBuildConfiguration;
			buildSettings = {
				ALWAYS_EMBED_SWIFT_STANDARD_LIBRARIES = YES;
				CODE_SIGN_STYLE = Automatic;
				CURRENT_PROJECT_VERSION = 1;
				GENERATE_INFOPLIST_FILE = YES;
				MARKETING_VERSION = 1.0;
				PRODUCT_BUNDLE_IDENTIFIER = hu.example.motion.Example.ExampleUITests;
				PRODUCT_NAME = "$(TARGET_NAME)";
				SWIFT_EMIT_LOC_STRINGS = NO;
				SWIFT_VERSION = 5.0;
				TARGETED_DEVICE_FAMILY = "1,2";
				TEST_TARGET_NAME = Example;
			};
			name = Debug;
		};
		5806E65629BD6B300066B3DF /* Release */ = {
			isa = XCBuildConfiguration;
			buildSettings = {
				ALWAYS_EMBED_SWIFT_STANDARD_LIBRARIES = YES;
				CODE_SIGN_STYLE = Automatic;
				CURRENT_PROJECT_VERSION = 1;
				GENERATE_INFOPLIST_FILE = YES;
				MARKETING_VERSION = 1.0;
				PRODUCT_BUNDLE_IDENTIFIER = hu.example.motion.Example.ExampleUITests;
				PRODUCT_NAME = "$(TARGET_NAME)";
				SWIFT_EMIT_LOC_STRINGS = NO;
				SWIFT_VERSION = 5.0;
				TARGETED_DEVICE_FAMILY = "1,2";
				TEST_TARGET_NAME = Example;
			};
			name = Release;
		};
/* End XCBuildConfiguration section */

/* Begin XCConfigurationList section */
		5806E61F29BD6B2F0066B3DF /* Build configuration list for PBXProject "Example" */ = {
			isa = XCConfigurationList;
			buildConfigurations = (
				5806E64C29BD6B300066B3DF /* Debug */,
				5806E64D29BD6B300066B3DF /* Release */,
			);
			defaultConfigurationIsVisible = 0;
			defaultConfigurationName = Release;
		};
		5806E64E29BD6B300066B3DF /* Build configuration list for PBXNativeTarget "Example" */ = {
			isa = XCConfigurationList;
			buildConfigurations = (
				5806E64F29BD6B300066B3DF /* Debug */,
				5806E65029BD6B300066B3DF /* Release */,
			);
			defaultConfigurationIsVisible = 0;
			defaultConfigurationName = Release;
		};
		5806E65129BD6B300066B3DF /* Build configuration list for PBXNativeTarget "ExampleTests" */ = {
			isa = XCConfigurationList;
			buildConfigurations = (
				5806E65229BD6B300066B3DF /* Debug */,
				5806E65329BD6B300066B3DF /* Release */,
			);
			defaultConfigurationIsVisible = 0;
			defaultConfigurationName = Release;
		};
		5806E65429BD6B300066B3DF /* Build configuration list for PBXNativeTarget "ExampleUITests" */ = {
			isa = XCConfigurationList;
			buildConfigurations = (
				5806E65529BD6B300066B3DF /* Debug */,
				5806E65629BD6B300066B3DF /* Release */,
			);
			defaultConfigurationIsVisible = 0;
			defaultConfigurationName = Release;
		};
/* End XCConfigurationList section */

/* Begin XCRemoteSwiftPackageReference section */
		5806E65729BD6BA90066B3DF /* XCRemoteSwiftPackageReference "Motion" */ = {
			isa = XCRemoteSwiftPackageReference;
			repositoryURL = "https://github.com/stateman92/Motion";
			requirement = {
				kind = exactVersion;
				version = 0.0.1;
			};
		};
/* End XCRemoteSwiftPackageReference section */

/* Begin XCSwiftPackageProductDependency section */
		5806E65829BD6BAA0066B3DF /* Motion */ = {
			isa = XCSwiftPackageProductDependency;
			package = 5806E65729BD6BA90066B3DF /* XCRemoteSwiftPackageReference "Motion" */;
			productName = Motion;
		};
/* End XCSwiftPackageProductDependency section */
	};
	rootObject = 5806E61C29BD6B2F0066B3DF /* Project object */;
}
